
Microsoft Visual Studio Solution File, Format Version 12.00
# Visual Studio Version 16
VisualStudioVersion = 16.0.34301.259
MinimumVisualStudioVersion = 10.0.40219.1
Project("{FAE04EC0-301F-11D3-BF4B-00C04F79EFBC}") = "PasswordGen", "PasswordGen\PasswordGen.csproj", "{6B07DAB4-8DE8-4622-A71E-7EEDA03D2C6F}"
EndProject
Global
	GlobalSection(SolutionConfigurationPlatforms) = preSolution
		Debug|Any CPU = Debug|Any CPU
		Release|Any CPU = Release|Any CPU
	EndGlobalSection
	GlobalSection(ProjectConfigurationPlatforms) = postSolution
		{6B07DAB4-8DE8-4622-A71E-7EEDA03D2C6F}.Debug|Any CPU.ActiveCfg = Release|Any CPU
		{6B07DAB4-8DE8-4622-A71E-7EEDA03D2C6F}.Debug|Any CPU.Build.0 = Release|Any CPU
		{6B07DAB4-8DE8-4622-A71E-7EEDA03D2C6F}.Release|Any CPU.ActiveCfg = Release|Any CPU
		{6B07DAB4-8DE8-4622-A71E-7EEDA03D2C6F}.Release|Any CPU.Build.0 = Release|Any CPU
	EndGlobalSection
	GlobalSection(SolutionProperties) = preSolution
		HideSolutionNode = FALSE
	EndGlobalSection
	GlobalSection(ExtensibilityGlobals) = postSolution
		SolutionGuid = {C38FA0FC-CDF4-45BB-A453-C0381E32E58B}
	EndGlobalSection
EndGlobal
